Microsoft Visual Studio Solution File, Format Version 12.00
# Visual Studio Version 17
VisualStudioVersion = 17.5.2.0
MinimumVisualStudioVersion = 10.0.40219.1
Project("{FAE04EC0-301F-11D3-BF4B-00C04F79EFBC}") = "ClarityPom", "ClarityPom.csproj", "{20C46E78-5E99-4788-921E-E4C2CA7837EB}"
EndProject
Global
	GlobalSection(SolutionConfigurationPlatforms) = preSolution
		Debug|Any CPU = Debug|Any CPU
		Release|Any CPU = Release|Any CPU
	EndGlobalSection
	GlobalSection(ProjectConfigurationPlatforms) = postSolution
		{20C46E78-5E99-4788-921E-E4C2CA7837EB}.Debug|Any CPU.ActiveCfg = Debug|Any CPU
		{20C46E78-5E99-4788-921E-E4C2CA7837EB}.Debug|Any CPU.Build.0 = Debug|Any CPU
		{20C46E78-5E99-4788-921E-E4C2CA7837EB}.Release|Any CPU.ActiveCfg = Release|Any CPU
		{20C46E78-5E99-4788-921E-E4C2CA7837EB}.Release|Any CPU.Build.0 = Release|Any CPU
	EndGlobalSection
	GlobalSection(SolutionProperties) = preSolution
		HideSolutionNode = FALSE
	EndGlobalSection
	GlobalSection(ExtensibilityGlobals) = postSolution
		SolutionGuid = {355BCDD4-6E98-4C9E-809B-AFA6C82DA2CE}
	EndGlobalSection
EndGlobal
